
Microsoft Visual Studio Solution File, Format Version 12.00
# Visual Studio Version 17
VisualStudioVersion = 17.9.34714.143
MinimumVisualStudioVersion = 10.0.40219.1
Project("{FAE04EC0-301F-11D3-BF4B-00C04F79EFBC}") = "Mission11_ReedStewart_0108", "Mission11_ReedStewart_0108\Mission11_ReedStewart_0108.csproj", "{EB2AF0FB-FD4B-4C1A-A939-A88C659A4250}"
EndProject
Global
	GlobalSection(SolutionConfigurationPlatforms) = preSolution
		Debug|Any CPU = Debug|Any CPU
		Release|Any CPU = Release|Any CPU
	EndGlobalSection
	GlobalSection(ProjectConfigurationPlatforms) = postSolution
		{EB2AF0FB-FD4B-4C1A-A939-A88C659A4250}.Debug|Any CPU.ActiveCfg = Debug|Any CPU
		{EB2AF0FB-FD4B-4C1A-A939-A88C659A4250}.Debug|Any CPU.Build.0 = Debug|Any CPU
		{EB2AF0FB-FD4B-4C1A-A939-A88C659A4250}.Release|Any CPU.ActiveCfg = Release|Any CPU
		{EB2AF0FB-FD4B-4C1A-A939-A88C659A4250}.Release|Any CPU.Build.0 = Release|Any CPU
	EndGlobalSection
	GlobalSection(SolutionProperties) = preSolution
		HideSolutionNode = FALSE
	EndGlobalSection
	GlobalSection(ExtensibilityGlobals) = postSolution
		SolutionGuid = {BD697E83-80E5-4088-9624-06D207BE1F24}
	EndGlobalSection
EndGlobal
